
Microsoft Visual Studio Solution File, Format Version 12.00
# Visual Studio 15
VisualStudioVersion = 15.0.28307.106
MinimumVisualStudioVersion = 10.0.40219.1
Project("{FAE04EC0-301F-11D3-BF4B-00C04F79EFBC}") = "ADONET MVC PROJECT", "ADONET MVC PROJECT\ADONET MVC PROJECT.csproj", "{643F0139-E06F-4179-968D-4387945B6E2E}"
EndProject
Global
	GlobalSection(SolutionConfigurationPlatforms) = preSolution
		Debug|Any CPU = Debug|Any CPU
		Release|Any CPU = Release|Any CPU
	EndGlobalSection
	GlobalSection(ProjectConfigurationPlatforms) = postSolution
		{643F0139-E06F-4179-968D-4387945B6E2E}.Debug|Any CPU.ActiveCfg = Debug|Any CPU
		{643F0139-E06F-4179-968D-4387945B6E2E}.Debug|Any CPU.Build.0 = Debug|Any CPU
		{643F0139-E06F-4179-968D-4387945B6E2E}.Release|Any CPU.ActiveCfg = Release|Any CPU
		{643F0139-E06F-4179-968D-4387945B6E2E}.Release|Any CPU.Build.0 = Release|Any CPU
	EndGlobalSection
	GlobalSection(SolutionProperties) = preSolution
		HideSolutionNode = FALSE
	EndGlobalSection
	GlobalSection(ExtensibilityGlobals) = postSolution
		SolutionGuid = {37C1B133-4A91-4694-9F9D-55C2F936281A}
	EndGlobalSection
EndGlobal
